{
  "nodes": {
    "nixpkgs": {
      "locked": {
        "lastModified": 1737821574,
        "narHash": "sha256-qr8ljRmEhHjModXYxyV022g66WgICAJw+EBHSTdekoI=",
        "owner": "katexochen",
        "repo": "nixpkgs",
        "rev": "04b5a31e9709da580a910d87bc6c759c68d5038c",
        "type": "github"
      },
      "original": {
        "owner": "katexochen",
        "ref": "mp/go-fix-vendor-load",
        "repo": "nixpkgs",
        "type": "github"
      }
    },
    "root": {
      "inputs": {
        "nixpkgs": "nixpkgs"
      }
    }
  },
  "root": "root",
  "version": 7
}
